NeoBundleLock neobundle.vim b8faeb84baccc335f67f59672d7323ec5d14a997
NeoBundleLock nerdtree bcf3de4fdffae45fc7c85b6b84a01b37177924aa
NeoBundleLock syntastic be111259ec4428ea10dbb02b54127cf348f17602
NeoBundleLock unite.vim 385a52a842a2b7c7dc89f6a22ddd76e67ae32c0a
NeoBundleLock vim-colors-solarized 528a59f26d12278698bb946f8fb82a63711eec21
NeoBundleLock vim-surround 2d05440ad23f97a7874ebd9b5de3a0e65d25d85c
NeoBundleLock vimproc.vim 9b9a684fdc034a899cfefa7b93ab881f550975e8
